// !$*UTF8*$!
{
	archiveVersion = 1;
	classes = {
	};
	objectVersion = 51;
	objects = {

/* Begin PBXBuildFile section */
		4AD625AC240672720003E88A /* ResourceCell.swift in Sources */ = {isa = PBXBuildFile; fileRef = 4AD625A9240672720003E88A /* ResourceCell.swift */; };
		4AD625AD240672720003E88A /* ResourceListScreen.swift in Sources */ = {isa = PBXBuildFile; fileRef = 4AD625AA240672720003E88A /* ResourceListScreen.swift */; };
		4AD625AE240672720003E88A /* Resource.swift in Sources */ = {isa = PBXBuildFile; fileRef = 4AD625AB240672720003E88A /* Resource.swift */; };
		4AD625B124067D460003E88A /* Main.storyboard in Resources */ = {isa = PBXBuildFile; fileRef = 4AD625AF24067D460003E88A /* Main.storyboard */; };
		4AD625B3240691220003E88A /* SubResourceViewController.swift in Sources */ = {isa = PBXBuildFile; fileRef = 4AD625B2240691220003E88A /* SubResourceViewController.swift */; };
		759E145D23FE0832001A2E7A /* AppDelegate.swift in Sources */ = {isa = PBXBuildFile; fileRef = 759E145C23FE0832001A2E7A /* AppDelegate.swift */; };
		759E145F23FE0832001A2E7A /* SceneDelegate.swift in Sources */ = {isa = PBXBuildFile; fileRef = 759E145E23FE0832001A2E7A /* SceneDelegate.swift */; };
		759E146123FE0832001A2E7A /* ViewController.swift in Sources */ = {isa = PBXBuildFile; fileRef = 759E146023FE0832001A2E7A /* ViewController.swift */; };
		759E146623FE0833001A2E7A /* Assets.xcassets in Resources */ = {isa = PBXBuildFile; fileRef = 759E146523FE0833001A2E7A /* Assets.xcassets */; };
		759E146923FE0834001A2E7A /* LaunchScreen.storyboard in Resources */ = {isa = PBXBuildFile; fileRef = 759E146723FE0834001A2E7A /* LaunchScreen.storyboard */; };
		7BB1AAC723FE1BEE009FD83C /* GoogleService-Info.plist in Resources */ = {isa = PBXBuildFile; fileRef = 7BB1AAC623FE1BEE009FD83C /* GoogleService-Info.plist */; };
		C3FB0DA9240686B3006D0EB3 /* Folders.swift in Sources */ = {isa = PBXBuildFile; fileRef = C3FB0DA6240686B3006D0EB3 /* Folders.swift */; };
		C3FB0DAB240686B3006D0EB3 /* Files.swift in Sources */ = {isa = PBXBuildFile; fileRef = C3FB0DA8240686B3006D0EB3 /* Files.swift */; };
		EBEE648A4B99E88BDBEE7BE3 /* Pods_PediatricPancreas_Storyboard.framework in Frameworks */ = {isa = PBXBuildFile; fileRef = 223A3D0F2FAB24511D190436 /* Pods_PediatricPancreas_Storyboard.framework */; };
/* End PBXBuildFile section */

/* Begin PBXCopyFilesBuildPhase section */
		759E149A23FE08C9001A2E7A /* Embed Frameworks */ = {
			isa = PBXCopyFilesBuildPhase;
			buildActionMask = 2147483647;
			dstPath = "";
			dstSubfolderSpec = 10;
			files = (
			);
			name = "Embed Frameworks";
			runOnlyForDeploymentPostprocessing = 0;
		};
/* End PBXCopyFilesBuildPhase section */

/* Begin PBXFileReference section */
		223A3D0F2FAB24511D190436 /* Pods_PediatricPancreas_Storyboard.framework */ = {isa = PBXFileReference; explicitFileType = wrapper.framework; includeInIndex = 0; path = Pods_PediatricPancreas_Storyboard.framework; sourceTree = BUILT_PRODUCTS_DIR; };
		4AD625A9240672720003E88A /* ResourceCell.swift */ = {isa = PBXFileReference; fileEncoding = 4; lastKnownFileType = sourcecode.swift; path = ResourceCell.swift; sourceTree = "<group>"; };
		4AD625AA240672720003E88A /* ResourceListScreen.swift */ = {isa = PBXFileReference; fileEncoding = 4; lastKnownFileType = sourcecode.swift; path = ResourceListScreen.swift; sourceTree = "<group>"; };
		4AD625AB240672720003E88A /* Resource.swift */ = {isa = PBXFileReference; fileEncoding = 4; lastKnownFileType = sourcecode.swift; path = Resource.swift; sourceTree = "<group>"; };
		4AD625B024067D460003E88A /* Base */ = {isa = PBXFileReference; lastKnownFileType = file.storyboard; name = Base; path = Base.lproj/Main.storyboard; sourceTree = "<group>"; };
		4AD625B2240691220003E88A /* SubResourceViewController.swift */ = {isa = PBXFileReference; lastKnownFileType = sourcecode.swift; path = SubResourceViewController.swift; sourceTree = "<group>"; };
		759E145923FE0832001A2E7A /* PediatricPancreas_Storyboard.app */ = {isa = PBXFileReference; explicitFileType = wrapper.application; includeInIndex = 0; path = PediatricPancreas_Storyboard.app; sourceTree = BUILT_PRODUCTS_DIR; };
		759E145C23FE0832001A2E7A /* AppDelegate.swift */ = {isa = PBXFileReference; lastKnownFileType = sourcecode.swift; path = AppDelegate.swift; sourceTree = "<group>"; };
		759E145E23FE0832001A2E7A /* SceneDelegate.swift */ = {isa = PBXFileReference; lastKnownFileType = sourcecode.swift; path = SceneDelegate.swift; sourceTree = "<group>"; };
		759E146023FE0832001A2E7A /* ViewController.swift */ = {isa = PBXFileReference; lastKnownFileType = sourcecode.swift; path = ViewController.swift; sourceTree = "<group>"; };
		759E146523FE0833001A2E7A /* Assets.xcassets */ = {isa = PBXFileReference; lastKnownFileType = folder.assetcatalog; path = Assets.xcassets; sourceTree = "<group>"; };
		759E146823FE0834001A2E7A /* Base */ = {isa = PBXFileReference; lastKnownFileType = file.storyboard; name = Base; path = Base.lproj/LaunchScreen.storyboard; sourceTree = "<group>"; };
		759E146A23FE0834001A2E7A /* Info.plist */ = {isa = PBXFileReference; lastKnownFileType = text.plist.xml; path = Info.plist; sourceTree = "<group>"; };
		7BB1AAC623FE1BEE009FD83C /* GoogleService-Info.plist */ = {isa = PBXFileReference; fileEncoding = 4; lastKnownFileType = text.plist.xml; path = "GoogleService-Info.plist"; sourceTree = "<group>"; };
		A6F5CA667EF6199DC8282977 /* Pods-PediatricPancreas_Storyboard.release.xcconfig */ = {isa = PBXFileReference; includeInIndex = 1; lastKnownFileType = text.xcconfig; name = "Pods-PediatricPancreas_Storyboard.release.xcconfig"; path = "Target Support Files/Pods-PediatricPancreas_Storyboard/Pods-PediatricPancreas_Storyboard.release.xcconfig"; sourceTree = "<group>"; };
		BA0BC2D07EC9CF4FE884FD9E /* Pods-PediatricPancreas_Storyboard.debug.xcconfig */ = {isa = PBXFileReference; includeInIndex = 1; lastKnownFileType = text.xcconfig; name = "Pods-PediatricPancreas_Storyboard.debug.xcconfig"; path = "Target Support Files/Pods-PediatricPancreas_Storyboard/Pods-PediatricPancreas_Storyboard.debug.xcconfig"; sourceTree = "<group>"; };
		C3FB0DA6240686B3006D0EB3 /* Folders.swift */ = {isa = PBXFileReference; fileEncoding = 4; lastKnownFileType = sourcecode.swift; path = Folders.swift; sourceTree = "<group>"; };
		C3FB0DA8240686B3006D0EB3 /* Files.swift */ = {isa = PBXFileReference; fileEncoding = 4; lastKnownFileType = sourcecode.swift; path = Files.swift; sourceTree = "<group>"; };
/* End PBXFileReference section */

/* Begin PBXFrameworksBuildPhase section */
		759E145623FE0832001A2E7A /* Frameworks */ = {
			isa = PBXFrameworksBuildPhase;
			buildActionMask = 2147483647;
			files = (
				EBEE648A4B99E88BDBEE7BE3 /* Pods_PediatricPancreas_Storyboard.framework in Frameworks */,
			);
			runOnlyForDeploymentPostprocessing = 0;
		};
/* End PBXFrameworksBuildPhase section */

/* Begin PBXGroup section */
		2906BE01BEBD5CE1999E5BF5 /* Pods */ = {
			isa = PBXGroup;
			children = (
				BA0BC2D07EC9CF4FE884FD9E /* Pods-PediatricPancreas_Storyboard.debug.xcconfig */,
				A6F5CA667EF6199DC8282977 /* Pods-PediatricPancreas_Storyboard.release.xcconfig */,
			);
			path = Pods;
			sourceTree = "<group>";
		};
		759E145023FE0832001A2E7A = {
			isa = PBXGroup;
			children = (
				759E145B23FE0832001A2E7A /* PediatricPancreas_Storyboard */,
				759E145A23FE0832001A2E7A /* Products */,
				759E149723FE08C9001A2E7A /* Frameworks */,
				2906BE01BEBD5CE1999E5BF5 /* Pods */,
			);
			sourceTree = "<group>";
		};
		759E145A23FE0832001A2E7A /* Products */ = {
			isa = PBXGroup;
			children = (
				759E145923FE0832001A2E7A /* PediatricPancreas_Storyboard.app */,
			);
			name = Products;
			sourceTree = "<group>";
		};
		759E145B23FE0832001A2E7A /* PediatricPancreas_Storyboard */ = {
			isa = PBXGroup;
			children = (
				4AD625AB240672720003E88A /* Resource.swift */,
				C3FB0DA8240686B3006D0EB3 /* Files.swift */,
				C3FB0DA6240686B3006D0EB3 /* Folders.swift */,
				4AD625A9240672720003E88A /* ResourceCell.swift */,
				4AD625AA240672720003E88A /* ResourceListScreen.swift */,
				4AD625B2240691220003E88A /* SubResourceViewController.swift */,
				4AD625AF24067D460003E88A /* Main.storyboard */,
				759E145C23FE0832001A2E7A /* AppDelegate.swift */,
				759E145E23FE0832001A2E7A /* SceneDelegate.swift */,
				759E146023FE0832001A2E7A /* ViewController.swift */,
				759E146523FE0833001A2E7A /* Assets.xcassets */,
				759E146723FE0834001A2E7A /* LaunchScreen.storyboard */,
				7BB1AAC623FE1BEE009FD83C /* GoogleService-Info.plist */,
				759E146A23FE0834001A2E7A /* Info.plist */,
			);
			path = PediatricPancreas_Storyboard;
			sourceTree = "<group>";
		};
		759E149723FE08C9001A2E7A /* Frameworks */ = {
			isa = PBXGroup;
			children = (
				223A3D0F2FAB24511D190436 /* Pods_PediatricPancreas_Storyboard.framework */,
			);
			name = Frameworks;
			sourceTree = "<group>";
		};
/* End PBXGroup section */

/* Begin PBXNativeTarget section */
		759E145823FE0832001A2E7A /* PediatricPancreas_Storyboard */ = {
			isa = PBXNativeTarget;
			buildConfigurationList = 759E146D23FE0834001A2E7A /* Build configuration list for PBXNativeTarget "PediatricPancreas_Storyboard" */;
			buildPhases = (
				73ECC5DA37AE6D401D82BE9B /* [CP] Check Pods Manifest.lock */,
				759E145523FE0832001A2E7A /* Sources */,
				759E145623FE0832001A2E7A /* Frameworks */,
				759E145723FE0832001A2E7A /* Resources */,
				759E149A23FE08C9001A2E7A /* Embed Frameworks */,
				4DB37C3DAA31609D82F7A3C4 /* [CP] Embed Pods Frameworks */,
			);
			buildRules = (
			);
			dependencies = (
			);
			name = PediatricPancreas_Storyboard;
			productName = PediatricPancreas_Storyboard;
			productReference = 759E145923FE0832001A2E7A /* PediatricPancreas_Storyboard.app */;
			productType = "com.apple.product-type.application";
		};
/* End PBXNativeTarget section */

/* Begin PBXProject section */
		759E145123FE0832001A2E7A /* Project object */ = {
			isa = PBXProject;
			attributes = {
				LastSwiftUpdateCheck = 1130;
				LastUpgradeCheck = 1130;
				ORGANIZATIONNAME = "Example Company";
				TargetAttributes = {
					759E145823FE0832001A2E7A = {
						CreatedOnToolsVersion = 11.3.1;
					};
				};
			};
			buildConfigurationList = 759E145423FE0832001A2E7A /* Build configuration list for PBXProject "PediatricPancreas_Storyboard" */;
			compatibilityVersion = "Xcode 9.3";
			developmentRegion = en;
			hasScannedForEncodings = 0;
			knownRegions = (
				en,
				Base,
			);
			mainGroup = 759E145023FE0832001A2E7A;
			productRefGroup = 759E145A23FE0832001A2E7A /* Products */;
			projectDirPath = "";
			projectRoot = "";
			targets = (
				759E145823FE0832001A2E7A /* PediatricPancreas_Storyboard */,
			);
		};
/* End PBXProject section */

/* Begin PBXResourcesBuildPhase section */
		759E145723FE0832001A2E7A /* Resources */ = {
			isa = PBXResourcesBuildPhase;
			buildActionMask = 2147483647;
			files = (
				759E146923FE0834001A2E7A /* LaunchScreen.storyboard in Resources */,
				759E146623FE0833001A2E7A /* Assets.xcassets in Resources */,
				7BB1AAC723FE1BEE009FD83C /* GoogleService-Info.plist in Resources */,
				4AD625B124067D460003E88A /* Main.storyboard in Resources */,
			);
			runOnlyForDeploymentPostprocessing = 0;
		};
/* End PBXResourcesBuildPhase section */

/* Begin PBXShellScriptBuildPhase section */
		4DB37C3DAA31609D82F7A3C4 /* [CP] Embed Pods Frameworks */ = {
			isa = PBXShellScriptBuildPhase;
			buildActionMask = 2147483647;
			files = (
			);
			inputFileListPaths = (
				"${PODS_ROOT}/Target Support Files/Pods-PediatricPancreas_Storyboard/Pods-PediatricPancreas_Storyboard-frameworks-${CONFIGURATION}-input-files.xcfilelist",
			);
			name = "[CP] Embed Pods Frameworks";
			outputFileListPaths = (
				"${PODS_ROOT}/Target Support Files/Pods-PediatricPancreas_Storyboard/Pods-PediatricPancreas_Storyboard-frameworks-${CONFIGURATION}-output-files.xcfilelist",
			);
			runOnlyForDeploymentPostprocessing = 0;
			shellPath = /bin/sh;
			shellScript = "\"${PODS_ROOT}/Target Support Files/Pods-PediatricPancreas_Storyboard/Pods-PediatricPancreas_Storyboard-frameworks.sh\"\n";
			showEnvVarsInLog = 0;
		};
		73ECC5DA37AE6D401D82BE9B /* [CP] Check Pods Manifest.lock */ = {
			isa = PBXShellScriptBuildPhase;
			buildActionMask = 2147483647;
			files = (
			);
			inputFileListPaths = (
			);
			inputPaths = (
				"${PODS_PODFILE_DIR_PATH}/Podfile.lock",
				"${PODS_ROOT}/Manifest.lock",
			);
			name = "[CP] Check Pods Manifest.lock";
			outputFileListPaths = (
			);
			outputPaths = (
				"$(DERIVED_FILE_DIR)/Pods-PediatricPancreas_Storyboard-checkManifestLockResult.txt",
			);
			runOnlyForDeploymentPostprocessing = 0;
			shellPath = /bin/sh;
			shellScript = "diff \"${PODS_PODFILE_DIR_PATH}/Podfile.lock\" \"${PODS_ROOT}/Manifest.lock\" > /dev/null\nif [ $? != 0 ] ; then\n    # print error to STDERR\n    echo \"error: The sandbox is not in sync with the Podfile.lock. Run 'pod install' or update your CocoaPods installation.\" >&2\n    exit 1\nfi\n# This output is used by Xcode 'outputs' to avoid re-running this script phase.\necho \"SUCCESS\" > \"${SCRIPT_OUTPUT_FILE_0}\"\n";
			showEnvVarsInLog = 0;
		};
/* End PBXShellScriptBuildPhase section */

/* Begin PBXSourcesBuildPhase section */
		759E145523FE0832001A2E7A /* Sources */ = {
			isa = PBXSourcesBuildPhase;
			buildActionMask = 2147483647;
			files = (
				759E146123FE0832001A2E7A /* ViewController.swift in Sources */,
				C3FB0DAB240686B3006D0EB3 /* Files.swift in Sources */,
				4AD625AC240672720003E88A /* ResourceCell.swift in Sources */,
				4AD625B3240691220003E88A /* SubResourceViewController.swift in Sources */,
				C3FB0DA9240686B3006D0EB3 /* Folders.swift in Sources */,
				759E145D23FE0832001A2E7A /* AppDelegate.swift in Sources */,
				4AD625AE240672720003E88A /* Resource.swift in Sources */,
				4AD625AD240672720003E88A /* ResourceListScreen.swift in Sources */,
				759E145F23FE0832001A2E7A /* SceneDelegate.swift in Sources */,
			);
			runOnlyForDeploymentPostprocessing = 0;
		};
/* End PBXSourcesBuildPhase section */

/* Begin PBXVariantGroup section */
		4AD625AF24067D460003E88A /* Main.storyboard */ = {
			isa = PBXVariantGroup;
			children = (
				4AD625B024067D460003E88A /* Base */,
			);
			name = Main.storyboard;
			sourceTree = "<group>";
		};
		759E146723FE0834001A2E7A /* LaunchScreen.storyboard */ = {
			isa = PBXVariantGroup;
			children = (
				759E146823FE0834001A2E7A /* Base */,
			);
			name = LaunchScreen.storyboard;
			sourceTree = "<group>";
		};
/* End PBXVariantGroup section */

/* Begin XCBuildConfiguration section */
		759E146B23FE0834001A2E7A /* Debug */ = {
			isa = XCBuildConfiguration;
			buildSettings = {
				ALWAYS_SEARCH_USER_PATHS = NO;
				CLANG_ANALYZER_NONNULL = YES;
				CLANG_ANALYZER_NUMBER_OBJECT_CONVERSION = YES_AGGRESSIVE;
				CLANG_CXX_LANGUAGE_STANDARD = "gnu++14";
				CLANG_CXX_LIBRARY = "libc++";
				CLANG_ENABLE_MODULES = YES;
				CLANG_ENABLE_OBJC_ARC = YES;
				CLANG_ENABLE_OBJC_WEAK = YES;
				CLANG_WARN_BLOCK_CAPTURE_AUTORELEASING = YES;
				CLANG_WARN_BOOL_CONVERSION = YES;
				CLANG_WARN_COMMA = YES;
				CLANG_WARN_CONSTANT_CONVERSION = YES;
				CLANG_WARN_DEPRECATED_OBJC_IMPLEMENTATIONS = YES;
				CLANG_WARN_DIRECT_OBJC_ISA_USAGE = YES_ERROR;
				CLANG_WARN_DOCUMENTATION_COMMENTS = YES;
				CLANG_WARN_EMPTY_BODY = YES;
				CLANG_WARN_ENUM_CONVERSION = YES;
				CLANG_WARN_INFINITE_RECURSION = YES;
				CLANG_WARN_INT_CONVERSION = YES;
				CLANG_WARN_NON_LITERAL_NULL_CONVERSION = YES;
				CLANG_WARN_OBJC_IMPLICIT_RETAIN_SELF = YES;
				CLANG_WARN_OBJC_LITERAL_CONVERSION = YES;
				CLANG_WARN_OBJC_ROOT_CLASS = YES_ERROR;
				CLANG_WARN_RANGE_LOOP_ANALYSIS = YES;
				CLANG_WARN_STRICT_PROTOTYPES = YES;
				CLANG_WARN_SUSPICIOUS_MOVE = YES;
				CLANG_WARN_UNGUARDED_AVAILABILITY = YES_AGGRESSIVE;
				CLANG_WARN_UNREACHABLE_CODE = YES;
				CLANG_WARN__DUPLICATE_METHOD_MATCH = YES;
				COPY_PHASE_STRIP = NO;
				DEBUG_INFORMATION_FORMAT = dwarf;
				ENABLE_STRICT_OBJC_MSGSEND = YES;
				ENABLE_TESTABILITY = YES;
				GCC_C_LANGUAGE_STANDARD = gnu11;
				GCC_DYNAMIC_NO_PIC = NO;
				GCC_NO_COMMON_BLOCKS = YES;
				GCC_OPTIMIZATION_LEVEL = 0;
				GCC_PREPROCESSOR_DEFINITIONS = (
					"DEBUG=1",
					"$(inherited)",
				);
				GCC_WARN_64_TO_32_BIT_CONVERSION = YES;
				GCC_WARN_ABOUT_RETURN_TYPE = YES_ERROR;
				GCC_WARN_UNDECLARED_SELECTOR = YES;
				GCC_WARN_UNINITIALIZED_AUTOS = YES_AGGRESSIVE;
				GCC_WARN_UNUSED_FUNCTION = YES;
				GCC_WARN_UNUSED_VARIABLE = YES;
				IPHONEOS_DEPLOYMENT_TARGET = 13.2;
				MTL_ENABLE_DEBUG_INFO = INCLUDE_SOURCE;
				MTL_FAST_MATH = YES;
				ONLY_ACTIVE_ARCH = YES;
				SDKROOT = iphoneos;
				SWIFT_ACTIVE_COMPILATION_CONDITIONS = DEBUG;
				SWIFT_OPTIMIZATION_LEVEL = "-Onone";
			};
			name = Debug;
		};
		759E146C23FE0834001A2E7A /* Release */ = {
			isa = XCBuildConfiguration;
			buildSettings = {
				ALWAYS_SEARCH_USER_PATHS = NO;
				CLANG_ANALYZER_NONNULL = YES;
				CLANG_ANALYZER_NUMBER_OBJECT_CONVERSION = YES_AGGRESSIVE;
				CLANG_CXX_LANGUAGE_STANDARD = "gnu++14";
				CLANG_CXX_LIBRARY = "libc++";
				CLANG_ENABLE_MODULES = YES;
				CLANG_ENABLE_OBJC_ARC = YES;
				CLANG_ENABLE_OBJC_WEAK = YES;
				CLANG_WARN_BLOCK_CAPTURE_AUTORELEASING = YES;
				CLANG_WARN_BOOL_CONVERSION = YES;
				CLANG_WARN_COMMA = YES;
				CLANG_WARN_CONSTANT_CONVERSION = YES;
				CLANG_WARN_DEPRECATED_OBJC_IMPLEMENTATIONS = YES;
				CLANG_WARN_DIRECT_OBJC_ISA_USAGE = YES_ERROR;
				CLANG_WARN_DOCUMENTATION_COMMENTS = YES;
				CLANG_WARN_EMPTY_BODY = YES;
				CLANG_WARN_ENUM_CONVERSION = YES;
				CLANG_WARN_INFINITE_RECURSION = YES;
				CLANG_WARN_INT_CONVERSION = YES;
				CLANG_WARN_NON_LITERAL_NULL_CONVERSION = YES;
				CLANG_WARN_OBJC_IMPLICIT_RETAIN_SELF = YES;
				CLANG_WARN_OBJC_LITERAL_CONVERSION = YES;
				CLANG_WARN_OBJC_ROOT_CLASS = YES_ERROR;
				CLANG_WARN_RANGE_LOOP_ANALYSIS = YES;
				CLANG_WARN_STRICT_PROTOTYPES = YES;
				CLANG_WARN_SUSPICIOUS_MOVE = YES;
				CLANG_WARN_UNGUARDED_AVAILABILITY = YES_AGGRESSIVE;
				CLANG_WARN_UNREACHABLE_CODE = YES;
				CLANG_WARN__DUPLICATE_METHOD_MATCH = YES;
				COPY_PHASE_STRIP = NO;
				DEBUG_INFORMATION_FORMAT = "dwarf-with-dsym";
				ENABLE_NS_ASSERTIONS = NO;
				ENABLE_STRICT_OBJC_MSGSEND = YES;
				GCC_C_LANGUAGE_STANDARD = gnu11;
				GCC_NO_COMMON_BLOCKS = YES;
				GCC_WARN_64_TO_32_BIT_CONVERSION = YES;
				GCC_WARN_ABOUT_RETURN_TYPE = YES_ERROR;
				GCC_WARN_UNDECLARED_SELECTOR = YES;
				GCC_WARN_UNINITIALIZED_AUTOS = YES_AGGRESSIVE;
				GCC_WARN_UNUSED_FUNCTION = YES;
				GCC_WARN_UNUSED_VARIABLE = YES;
				IPHONEOS_DEPLOYMENT_TARGET = 13.2;
				MTL_ENABLE_DEBUG_INFO = NO;
				MTL_FAST_MATH = YES;
				SDKROOT = iphoneos;
				SWIFT_COMPILATION_MODE = wholemodule;
				SWIFT_OPTIMIZATION_LEVEL = "-O";
				VALIDATE_PRODUCT = YES;
			};
			name = Release;
		};
		759E146E23FE0834001A2E7A /* Debug */ = {
			isa = XCBuildConfiguration;
			baseConfigurationReference = BA0BC2D07EC9CF4FE884FD9E /* Pods-PediatricPancreas_Storyboard.debug.xcconfig */;
			buildSettings = {
				ASSETCATALOG_COMPILER_APPICON_NAME = AppIcon;
				CODE_SIGN_STYLE = Automatic;
				DEVELOPMENT_TEAM = CGA8BZRPF2;
				INFOPLIST_FILE = PediatricPancreas_Storyboard/Info.plist;
				LD_RUNPATH_SEARCH_PATHS = (
					"$(inherited)",
					"@executable_path/Frameworks",
				);
				PRODUCT_BUNDLE_IDENTIFIER = com.iHackHealth.PediatricPancreasStoryboard;
				PRODUCT_NAME = "$(TARGET_NAME)";
				SWIFT_VERSION = 5.0;
				TARGETED_DEVICE_FAMILY = "1,2";
			};
			name = Debug;
		};
		759E146F23FE0834001A2E7A /* Release */ = {
			isa = XCBuildConfiguration;
			baseConfigurationReference = A6F5CA667EF6199DC8282977 /* Pods-PediatricPancreas_Storyboard.release.xcconfig */;
			buildSettings = {
				ASSETCATALOG_COMPILER_APPICON_NAME = AppIcon;
				CODE_SIGN_STYLE = Automatic;
				DEVELOPMENT_TEAM = CGA8BZRPF2;
				INFOPLIST_FILE = PediatricPancreas_Storyboard/Info.plist;
				LD_RUNPATH_SEARCH_PATHS = (
					"$(inherited)",
					"@executable_path/Frameworks",
				);
				PRODUCT_BUNDLE_IDENTIFIER = com.iHackHealth.PediatricPancreasStoryboard;
				PRODUCT_NAME = "$(TARGET_NAME)";
				SWIFT_VERSION = 5.0;
				TARGETED_DEVICE_FAMILY = "1,2";
			};
			name = Release;
		};
/* End XCBuildConfiguration section */

/* Begin XCConfigurationList section */
		759E145423FE0832001A2E7A /* Build configuration list for PBXProject "PediatricPancreas_Storyboard" */ = {
			isa = XCConfigurationList;
			buildConfigurations = (
				759E146B23FE0834001A2E7A /* Debug */,
				759E146C23FE0834001A2E7A /* Release */,
			);
			defaultConfigurationIsVisible = 0;
			defaultConfigurationName = Release;
		};
		759E146D23FE0834001A2E7A /* Build configuration list for PBXNativeTarget "PediatricPancreas_Storyboard" */ = {
			isa = XCConfigurationList;
			buildConfigurations = (
				759E146E23FE0834001A2E7A /* Debug */,
				759E146F23FE0834001A2E7A /* Release */,
			);
			defaultConfigurationIsVisible = 0;
			defaultConfigurationName = Release;
		};
/* End XCConfigurationList section */
	};
	rootObject = 759E145123FE0832001A2E7A /* Project object */;
}
