// !$*UTF8*$!
{
	archiveVersion = 1;
	classes = {
	};
	objectVersion = 51;
	objects = {

/* Begin PBXBuildFile section */
		0C42BA55AA9C30B4EBAF4D10 /* Pods_PediatricPancreas.framework in Frameworks */ = {isa = PBXBuildFile; fileRef = 9EC5829C1A7FDF4B6B4BCCDA /* Pods_PediatricPancreas.framework */; };
		5DDB49170E9C584BBB8ADDDC /* Pods_PediatricPancreas_PediatricPancreasUITests.framework in Frameworks */ = {isa = PBXBuildFile; fileRef = 627838B2FEF3755DEC94D46E /* Pods_PediatricPancreas_PediatricPancreasUITests.framework */; };
		641CFA7B835315AE0F95162D /* Pods_PediatricPancreasTests.framework in Frameworks */ = {isa = PBXBuildFile; fileRef = E1A354E72CFCC8271F32B8A6 /* Pods_PediatricPancreasTests.framework */; };
		758D7F5223F4CDD7006B6A9C /* ResearchKit.framework in Frameworks */ = {isa = PBXBuildFile; fileRef = 758D7F4F23F4CDB1006B6A9C /* ResearchKit.framework */; };
		758D7F5323F4CDD7006B6A9C /* ResearchKit.framework in Embed Frameworks */ = {isa = PBXBuildFile; fileRef = 758D7F4F23F4CDB1006B6A9C /* ResearchKit.framework */; settings = {ATTRIBUTES = (CodeSignOnCopy, RemoveHeadersOnCopy, ); }; };
		758D7F6B23F4CECE006B6A9C /* CareKit.framework in Frameworks */ = {isa = PBXBuildFile; fileRef = 758D7F6823F4CEC5006B6A9C /* CareKit.framework */; };
		758D7F6C23F4CECE006B6A9C /* CareKit.framework in Embed Frameworks */ = {isa = PBXBuildFile; fileRef = 758D7F6823F4CEC5006B6A9C /* CareKit.framework */; settings = {ATTRIBUTES = (CodeSignOnCopy, RemoveHeadersOnCopy, ); }; };
		7B4CD9C123FAC3E00053736E /* GoogleService-Info.plist in Resources */ = {isa = PBXBuildFile; fileRef = 7B4CD9BB23FAC3E00053736E /* GoogleService-Info.plist */; };
		AB9EF51D23F4C26700BC0139 /* AppDelegate.swift in Sources */ = {isa = PBXBuildFile; fileRef = AB9EF51C23F4C26700BC0139 /* AppDelegate.swift */; };
		AB9EF51F23F4C26700BC0139 /* SceneDelegate.swift in Sources */ = {isa = PBXBuildFile; fileRef = AB9EF51E23F4C26700BC0139 /* SceneDelegate.swift */; };
		AB9EF52123F4C26700BC0139 /* ContentView.swift in Sources */ = {isa = PBXBuildFile; fileRef = AB9EF52023F4C26700BC0139 /* ContentView.swift */; };
		AB9EF52323F4C26E00BC0139 /* Assets.xcassets in Resources */ = {isa = PBXBuildFile; fileRef = AB9EF52223F4C26E00BC0139 /* Assets.xcassets */; };
		AB9EF52623F4C26E00BC0139 /* Preview Assets.xcassets in Resources */ = {isa = PBXBuildFile; fileRef = AB9EF52523F4C26E00BC0139 /* Preview Assets.xcassets */; };
		AB9EF52923F4C26E00BC0139 /* LaunchScreen.storyboard in Resources */ = {isa = PBXBuildFile; fileRef = AB9EF52723F4C26E00BC0139 /* LaunchScreen.storyboard */; };
		AB9EF53423F4C26E00BC0139 /* PediatricPancreasTests.swift in Sources */ = {isa = PBXBuildFile; fileRef = AB9EF53323F4C26E00BC0139 /* PediatricPancreasTests.swift */; };
		AB9EF53F23F4C26E00BC0139 /* PediatricPancreasUITests.swift in Sources */ = {isa = PBXBuildFile; fileRef = AB9EF53E23F4C26E00BC0139 /* PediatricPancreasUITests.swift */; };
/* End PBXBuildFile section */

/* Begin PBXContainerItemProxy section */
		758D7F4E23F4CDB1006B6A9C /* PBXContainerItemProxy */ = {
			isa = PBXContainerItemProxy;
			containerPortal = 758D7F4823F4CDB1006B6A9C /* ResearchKit.xcodeproj */;
			proxyType = 2;
			remoteGlobalIDString = B183A5951A8535D100C76870;
			remoteInfo = ResearchKit;
		};
		758D7F5023F4CDB1006B6A9C /* PBXContainerItemProxy */ = {
			isa = PBXContainerItemProxy;
			containerPortal = 758D7F4823F4CDB1006B6A9C /* ResearchKit.xcodeproj */;
			proxyType = 2;
			remoteGlobalIDString = 86CC8E9A1AC09332001CCD89;
			remoteInfo = ResearchKitTests;
		};
		758D7F6723F4CEC5006B6A9C /* PBXContainerItemProxy */ = {
			isa = PBXContainerItemProxy;
			containerPortal = 758D7F6023F4CEC5006B6A9C /* CareKit.xcodeproj */;
			proxyType = 2;
			remoteGlobalIDString = 8605A5BA1C4F04EC00DD65FF;
			remoteInfo = CareKit;
		};
		758D7F6923F4CEC5006B6A9C /* PBXContainerItemProxy */ = {
			isa = PBXContainerItemProxy;
			containerPortal = 758D7F6023F4CEC5006B6A9C /* CareKit.xcodeproj */;
			proxyType = 2;
			remoteGlobalIDString = 5196C7F9226F8F8F00F1C2A2;
			remoteInfo = CareKitTests;
		};
		AB9EF53023F4C26E00BC0139 /* PBXContainerItemProxy */ = {
			isa = PBXContainerItemProxy;
			containerPortal = AB9EF51123F4C26700BC0139 /* Project object */;
			proxyType = 1;
			remoteGlobalIDString = AB9EF51823F4C26700BC0139;
			remoteInfo = PediatricPancreas;
		};
		AB9EF53B23F4C26E00BC0139 /* PBXContainerItemProxy */ = {
			isa = PBXContainerItemProxy;
			containerPortal = AB9EF51123F4C26700BC0139 /* Project object */;
			proxyType = 1;
			remoteGlobalIDString = AB9EF51823F4C26700BC0139;
			remoteInfo = PediatricPancreas;
		};
/* End PBXContainerItemProxy section */

/* Begin PBXCopyFilesBuildPhase section */
		758D7F5423F4CDD7006B6A9C /* Embed Frameworks */ = {
			isa = PBXCopyFilesBuildPhase;
			buildActionMask = 2147483647;
			dstPath = "";
			dstSubfolderSpec = 10;
			files = (
				758D7F6C23F4CECE006B6A9C /* CareKit.framework in Embed Frameworks */,
				758D7F5323F4CDD7006B6A9C /* ResearchKit.framework in Embed Frameworks */,
			);
			name = "Embed Frameworks";
			runOnlyForDeploymentPostprocessing = 0;
		};
/* End PBXCopyFilesBuildPhase section */

/* Begin PBXFileReference section */
		0AB61D4F269E2A6399C88007 /* Pods-PediatricPancreas.release.xcconfig */ = {isa = PBXFileReference; includeInIndex = 1; lastKnownFileType = text.xcconfig; name = "Pods-PediatricPancreas.release.xcconfig"; path = "Target Support Files/Pods-PediatricPancreas/Pods-PediatricPancreas.release.xcconfig"; sourceTree = "<group>"; };
		19685DC0E64DA8567F238DFB /* Pods-PediatricPancreasTests.release.xcconfig */ = {isa = PBXFileReference; includeInIndex = 1; lastKnownFileType = text.xcconfig; name = "Pods-PediatricPancreasTests.release.xcconfig"; path = "Target Support Files/Pods-PediatricPancreasTests/Pods-PediatricPancreasTests.release.xcconfig"; sourceTree = "<group>"; };
		627838B2FEF3755DEC94D46E /* Pods_PediatricPancreas_PediatricPancreasUITests.framework */ = {isa = PBXFileReference; explicitFileType = wrapper.framework; includeInIndex = 0; path = Pods_PediatricPancreas_PediatricPancreasUITests.framework; sourceTree = BUILT_PRODUCTS_DIR; };
		758D7F4823F4CDB1006B6A9C /* ResearchKit.xcodeproj */ = {isa = PBXFileReference; lastKnownFileType = "wrapper.pb-project"; name = ResearchKit.xcodeproj; path = "ResearchKit-master/ResearchKit.xcodeproj"; sourceTree = "<group>"; };
		758D7F6023F4CEC5006B6A9C /* CareKit.xcodeproj */ = {isa = PBXFileReference; lastKnownFileType = "wrapper.pb-project"; name = CareKit.xcodeproj; path = "CareKit-master/CareKit/CareKit.xcodeproj"; sourceTree = "<group>"; };
		758D7F6D23F4CFC9006B6A9C /* PediatricPancreas.entitlements */ = {isa = PBXFileReference; lastKnownFileType = text.plist.entitlements; path = PediatricPancreas.entitlements; sourceTree = "<group>"; };
		75E45119AEB839753A050A94 /* Pods-PediatricPancreas-PediatricPancreasUITests.release.xcconfig */ = {isa = PBXFileReference; includeInIndex = 1; lastKnownFileType = text.xcconfig; name = "Pods-PediatricPancreas-PediatricPancreasUITests.release.xcconfig"; path = "Target Support Files/Pods-PediatricPancreas-PediatricPancreasUITests/Pods-PediatricPancreas-PediatricPancreasUITests.release.xcconfig"; sourceTree = "<group>"; };
		78E4CD127DB76208AD274D1E /* Pods-PediatricPancreas.debug.xcconfig */ = {isa = PBXFileReference; includeInIndex = 1; lastKnownFileType = text.xcconfig; name = "Pods-PediatricPancreas.debug.xcconfig"; path = "Target Support Files/Pods-PediatricPancreas/Pods-PediatricPancreas.debug.xcconfig"; sourceTree = "<group>"; };
		7B4CD9BB23FAC3E00053736E /* GoogleService-Info.plist */ = {isa = PBXFileReference; fileEncoding = 4; lastKnownFileType = text.plist.xml; path = "GoogleService-Info.plist"; sourceTree = "<group>"; };
		805C3B4517638F7F05D1F6F5 /* Pods-PediatricPancreasTests.debug.xcconfig */ = {isa = PBXFileReference; includeInIndex = 1; lastKnownFileType = text.xcconfig; name = "Pods-PediatricPancreasTests.debug.xcconfig"; path = "Target Support Files/Pods-PediatricPancreasTests/Pods-PediatricPancreasTests.debug.xcconfig"; sourceTree = "<group>"; };
		9EC5829C1A7FDF4B6B4BCCDA /* Pods_PediatricPancreas.framework */ = {isa = PBXFileReference; explicitFileType = wrapper.framework; includeInIndex = 0; path = Pods_PediatricPancreas.framework; sourceTree = BUILT_PRODUCTS_DIR; };
		AB38888A23F4C6C400AB9EE4 /* CareKitUI.framework */ = {isa = PBXFileReference; explicitFileType = wrapper.framework; path = CareKitUI.framework; sourceTree = BUILT_PRODUCTS_DIR; };
		AB9EF51923F4C26700BC0139 /* PediatricPancreas.app */ = {isa = PBXFileReference; explicitFileType = wrapper.application; includeInIndex = 0; path = PediatricPancreas.app; sourceTree = BUILT_PRODUCTS_DIR; };
		AB9EF51C23F4C26700BC0139 /* AppDelegate.swift */ = {isa = PBXFileReference; lastKnownFileType = sourcecode.swift; path = AppDelegate.swift; sourceTree = "<group>"; };
		AB9EF51E23F4C26700BC0139 /* SceneDelegate.swift */ = {isa = PBXFileReference; lastKnownFileType = sourcecode.swift; path = SceneDelegate.swift; sourceTree = "<group>"; };
		AB9EF52023F4C26700BC0139 /* ContentView.swift */ = {isa = PBXFileReference; lastKnownFileType = sourcecode.swift; path = ContentView.swift; sourceTree = "<group>"; };
		AB9EF52223F4C26E00BC0139 /* Assets.xcassets */ = {isa = PBXFileReference; lastKnownFileType = folder.assetcatalog; path = Assets.xcassets; sourceTree = "<group>"; };
		AB9EF52523F4C26E00BC0139 /* Preview Assets.xcassets */ = {isa = PBXFileReference; lastKnownFileType = folder.assetcatalog; path = "Preview Assets.xcassets"; sourceTree = "<group>"; };
		AB9EF52823F4C26E00BC0139 /* Base */ = {isa = PBXFileReference; lastKnownFileType = file.storyboard; name = Base; path = Base.lproj/LaunchScreen.storyboard; sourceTree = "<group>"; };
		AB9EF52A23F4C26E00BC0139 /* Info.plist */ = {isa = PBXFileReference; lastKnownFileType = text.plist.xml; path = Info.plist; sourceTree = "<group>"; };
		AB9EF52F23F4C26E00BC0139 /* PediatricPancreasTests.xctest */ = {isa = PBXFileReference; explicitFileType = wrapper.cfbundle; includeInIndex = 0; path = PediatricPancreasTests.xctest; sourceTree = BUILT_PRODUCTS_DIR; };
		AB9EF53323F4C26E00BC0139 /* PediatricPancreasTests.swift */ = {isa = PBXFileReference; lastKnownFileType = sourcecode.swift; path = PediatricPancreasTests.swift; sourceTree = "<group>"; };
		AB9EF53523F4C26E00BC0139 /* Info.plist */ = {isa = PBXFileReference; lastKnownFileType = text.plist.xml; path = Info.plist; sourceTree = "<group>"; };
		AB9EF53A23F4C26E00BC0139 /* PediatricPancreasUITests.xctest */ = {isa = PBXFileReference; explicitFileType = wrapper.cfbundle; includeInIndex = 0; path = PediatricPancreasUITests.xctest; sourceTree = BUILT_PRODUCTS_DIR; };
		AB9EF53E23F4C26E00BC0139 /* PediatricPancreasUITests.swift */ = {isa = PBXFileReference; lastKnownFileType = sourcecode.swift; path = PediatricPancreasUITests.swift; sourceTree = "<group>"; };
		AB9EF54023F4C26E00BC0139 /* Info.plist */ = {isa = PBXFileReference; lastKnownFileType = text.plist.xml; path = Info.plist; sourceTree = "<group>"; };
		E1A354E72CFCC8271F32B8A6 /* Pods_PediatricPancreasTests.framework */ = {isa = PBXFileReference; explicitFileType = wrapper.framework; includeInIndex = 0; path = Pods_PediatricPancreasTests.framework; sourceTree = BUILT_PRODUCTS_DIR; };
		EC5C95A95239257E7BC6DECC /* Pods-PediatricPancreas-PediatricPancreasUITests.debug.xcconfig */ = {isa = PBXFileReference; includeInIndex = 1; lastKnownFileType = text.xcconfig; name = "Pods-PediatricPancreas-PediatricPancreasUITests.debug.xcconfig"; path = "Target Support Files/Pods-PediatricPancreas-PediatricPancreasUITests/Pods-PediatricPancreas-PediatricPancreasUITests.debug.xcconfig"; sourceTree = "<group>"; };
/* End PBXFileReference section */

/* Begin PBXFrameworksBuildPhase section */
		AB9EF51623F4C26700BC0139 /* Frameworks */ = {
			isa = PBXFrameworksBuildPhase;
			buildActionMask = 2147483647;
			files = (
				758D7F6B23F4CECE006B6A9C /* CareKit.framework in Frameworks */,
				758D7F5223F4CDD7006B6A9C /* ResearchKit.framework in Frameworks */,
				0C42BA55AA9C30B4EBAF4D10 /* Pods_PediatricPancreas.framework in Frameworks */,
			);
			runOnlyForDeploymentPostprocessing = 0;
		};
		AB9EF52C23F4C26E00BC0139 /* Frameworks */ = {
			isa = PBXFrameworksBuildPhase;
			buildActionMask = 2147483647;
			files = (
				641CFA7B835315AE0F95162D /* Pods_PediatricPancreasTests.framework in Frameworks */,
			);
			runOnlyForDeploymentPostprocessing = 0;
		};
		AB9EF53723F4C26E00BC0139 /* Frameworks */ = {
			isa = PBXFrameworksBuildPhase;
			buildActionMask = 2147483647;
			files = (
				5DDB49170E9C584BBB8ADDDC /* Pods_PediatricPancreas_PediatricPancreasUITests.framework in Frameworks */,
			);
			runOnlyForDeploymentPostprocessing = 0;
		};
/* End PBXFrameworksBuildPhase section */

/* Begin PBXGroup section */
		758D7F4923F4CDB1006B6A9C /* Products */ = {
			isa = PBXGroup;
			children = (
				758D7F4F23F4CDB1006B6A9C /* ResearchKit.framework */,
				758D7F5123F4CDB1006B6A9C /* ResearchKitTests.xctest */,
			);
			name = Products;
			sourceTree = "<group>";
		};
		758D7F6123F4CEC5006B6A9C /* Products */ = {
			isa = PBXGroup;
			children = (
				758D7F6823F4CEC5006B6A9C /* CareKit.framework */,
				758D7F6A23F4CEC5006B6A9C /* CareKitTests.xctest */,
			);
			name = Products;
			sourceTree = "<group>";
		};
		AB38887023F4C49000AB9EE4 /* Frameworks */ = {
			isa = PBXGroup;
			children = (
				AB38888A23F4C6C400AB9EE4 /* CareKitUI.framework */,
				9EC5829C1A7FDF4B6B4BCCDA /* Pods_PediatricPancreas.framework */,
				627838B2FEF3755DEC94D46E /* Pods_PediatricPancreas_PediatricPancreasUITests.framework */,
				E1A354E72CFCC8271F32B8A6 /* Pods_PediatricPancreasTests.framework */,
			);
			name = Frameworks;
			sourceTree = "<group>";
		};
		AB9EF51023F4C26700BC0139 = {
			isa = PBXGroup;
			children = (
				758D7F6023F4CEC5006B6A9C /* CareKit.xcodeproj */,
				758D7F4823F4CDB1006B6A9C /* ResearchKit.xcodeproj */,
				AB9EF51B23F4C26700BC0139 /* PediatricPancreas */,
				AB9EF53223F4C26E00BC0139 /* PediatricPancreasTests */,
				AB9EF53D23F4C26E00BC0139 /* PediatricPancreasUITests */,
				AB9EF51A23F4C26700BC0139 /* Products */,
				AB38887023F4C49000AB9EE4 /* Frameworks */,
				F19EF0294D25002281777085 /* Pods */,
			);
			sourceTree = "<group>";
		};
		AB9EF51A23F4C26700BC0139 /* Products */ = {
			isa = PBXGroup;
			children = (
				AB9EF51923F4C26700BC0139 /* PediatricPancreas.app */,
				AB9EF52F23F4C26E00BC0139 /* PediatricPancreasTests.xctest */,
				AB9EF53A23F4C26E00BC0139 /* PediatricPancreasUITests.xctest */,
			);
			name = Products;
			sourceTree = "<group>";
		};
		AB9EF51B23F4C26700BC0139 /* PediatricPancreas */ = {
			isa = PBXGroup;
			children = (
				758D7F6D23F4CFC9006B6A9C /* PediatricPancreas.entitlements */,
				AB9EF51C23F4C26700BC0139 /* AppDelegate.swift */,
				AB9EF51E23F4C26700BC0139 /* SceneDelegate.swift */,
				AB9EF52023F4C26700BC0139 /* ContentView.swift */,
				AB9EF52223F4C26E00BC0139 /* Assets.xcassets */,
				AB9EF52723F4C26E00BC0139 /* LaunchScreen.storyboard */,
				7B4CD9BB23FAC3E00053736E /* GoogleService-Info.plist */,
				AB9EF52A23F4C26E00BC0139 /* Info.plist */,
				AB9EF52423F4C26E00BC0139 /* Preview Content */,
			);
			path = PediatricPancreas;
			sourceTree = "<group>";
		};
		AB9EF52423F4C26E00BC0139 /* Preview Content */ = {
			isa = PBXGroup;
			children = (
				AB9EF52523F4C26E00BC0139 /* Preview Assets.xcassets */,
			);
			path = "Preview Content";
			sourceTree = "<group>";
		};
		AB9EF53223F4C26E00BC0139 /* PediatricPancreasTests */ = {
			isa = PBXGroup;
			children = (
				AB9EF53323F4C26E00BC0139 /* PediatricPancreasTests.swift */,
				AB9EF53523F4C26E00BC0139 /* Info.plist */,
			);
			path = PediatricPancreasTests;
			sourceTree = "<group>";
		};
		AB9EF53D23F4C26E00BC0139 /* PediatricPancreasUITests */ = {
			isa = PBXGroup;
			children = (
				AB9EF53E23F4C26E00BC0139 /* PediatricPancreasUITests.swift */,
				AB9EF54023F4C26E00BC0139 /* Info.plist */,
			);
			path = PediatricPancreasUITests;
			sourceTree = "<group>";
		};
		F19EF0294D25002281777085 /* Pods */ = {
			isa = PBXGroup;
			children = (
				78E4CD127DB76208AD274D1E /* Pods-PediatricPancreas.debug.xcconfig */,
				0AB61D4F269E2A6399C88007 /* Pods-PediatricPancreas.release.xcconfig */,
				EC5C95A95239257E7BC6DECC /* Pods-PediatricPancreas-PediatricPancreasUITests.debug.xcconfig */,
				75E45119AEB839753A050A94 /* Pods-PediatricPancreas-PediatricPancreasUITests.release.xcconfig */,
				805C3B4517638F7F05D1F6F5 /* Pods-PediatricPancreasTests.debug.xcconfig */,
				19685DC0E64DA8567F238DFB /* Pods-PediatricPancreasTests.release.xcconfig */,
			);
			path = Pods;
			sourceTree = "<group>";
		};
/* End PBXGroup section */

/* Begin PBXNativeTarget section */
		AB9EF51823F4C26700BC0139 /* PediatricPancreas */ = {
			isa = PBXNativeTarget;
			buildConfigurationList = AB9EF54323F4C26E00BC0139 /* Build configuration list for PBXNativeTarget "PediatricPancreas" */;
			buildPhases = (
				CCED2A12F92AF276D70D7CBC /* [CP] Check Pods Manifest.lock */,
				AB9EF51523F4C26700BC0139 /* Sources */,
				AB9EF51623F4C26700BC0139 /* Frameworks */,
				AB9EF51723F4C26700BC0139 /* Resources */,
				758D7F5423F4CDD7006B6A9C /* Embed Frameworks */,
				C694CA1150C8F4D1C097DE0B /* [CP] Embed Pods Frameworks */,
			);
			buildRules = (
			);
			dependencies = (
			);
			name = PediatricPancreas;
			productName = PediatricPancreas;
			productReference = AB9EF51923F4C26700BC0139 /* PediatricPancreas.app */;
			productType = "com.apple.product-type.application";
		};
		AB9EF52E23F4C26E00BC0139 /* PediatricPancreasTests */ = {
			isa = PBXNativeTarget;
			buildConfigurationList = AB9EF54623F4C26E00BC0139 /* Build configuration list for PBXNativeTarget "PediatricPancreasTests" */;
			buildPhases = (
				2B2201B2662031AB5C98A5CA /* [CP] Check Pods Manifest.lock */,
				AB9EF52B23F4C26E00BC0139 /* Sources */,
				AB9EF52C23F4C26E00BC0139 /* Frameworks */,
				AB9EF52D23F4C26E00BC0139 /* Resources */,
			);
			buildRules = (
			);
			dependencies = (
				AB9EF53123F4C26E00BC0139 /* PBXTargetDependency */,
			);
			name = PediatricPancreasTests;
			productName = PediatricPancreasTests;
			productReference = AB9EF52F23F4C26E00BC0139 /* PediatricPancreasTests.xctest */;
			productType = "com.apple.product-type.bundle.unit-test";
		};
		AB9EF53923F4C26E00BC0139 /* PediatricPancreasUITests */ = {
			isa = PBXNativeTarget;
			buildConfigurationList = AB9EF54923F4C26E00BC0139 /* Build configuration list for PBXNativeTarget "PediatricPancreasUITests" */;
			buildPhases = (
				A28244F246DDBC82DFC948CB /* [CP] Check Pods Manifest.lock */,
				AB9EF53623F4C26E00BC0139 /* Sources */,
				AB9EF53723F4C26E00BC0139 /* Frameworks */,
				AB9EF53823F4C26E00BC0139 /* Resources */,
				C60A7D783E29F9CC8446050E /* [CP] Embed Pods Frameworks */,
			);
			buildRules = (
			);
			dependencies = (
				AB9EF53C23F4C26E00BC0139 /* PBXTargetDependency */,
			);
			name = PediatricPancreasUITests;
			productName = PediatricPancreasUITests;
			productReference = AB9EF53A23F4C26E00BC0139 /* PediatricPancreasUITests.xctest */;
			productType = "com.apple.product-type.bundle.ui-testing";
		};
/* End PBXNativeTarget section */

/* Begin PBXProject section */
		AB9EF51123F4C26700BC0139 /* Project object */ = {
			isa = PBXProject;
			attributes = {
				LastSwiftUpdateCheck = 1130;
				LastUpgradeCheck = 1130;
				ORGANIZATIONNAME = "Niharika Desaraju";
				TargetAttributes = {
					AB9EF51823F4C26700BC0139 = {
						CreatedOnToolsVersion = 11.3.1;
					};
					AB9EF52E23F4C26E00BC0139 = {
						CreatedOnToolsVersion = 11.3.1;
						TestTargetID = AB9EF51823F4C26700BC0139;
					};
					AB9EF53923F4C26E00BC0139 = {
						CreatedOnToolsVersion = 11.3.1;
						TestTargetID = AB9EF51823F4C26700BC0139;
					};
				};
			};
			buildConfigurationList = AB9EF51423F4C26700BC0139 /* Build configuration list for PBXProject "PediatricPancreas" */;
			compatibilityVersion = "Xcode 9.3";
			developmentRegion = en;
			hasScannedForEncodings = 0;
			knownRegions = (
				en,
				Base,
			);
			mainGroup = AB9EF51023F4C26700BC0139;
			productRefGroup = AB9EF51A23F4C26700BC0139 /* Products */;
			projectDirPath = "";
			projectReferences = (
				{
					ProductGroup = 758D7F6123F4CEC5006B6A9C /* Products */;
					ProjectRef = 758D7F6023F4CEC5006B6A9C /* CareKit.xcodeproj */;
				},
				{
					ProductGroup = 758D7F4923F4CDB1006B6A9C /* Products */;
					ProjectRef = 758D7F4823F4CDB1006B6A9C /* ResearchKit.xcodeproj */;
				},
			);
			projectRoot = "";
			targets = (
				AB9EF51823F4C26700BC0139 /* PediatricPancreas */,
				AB9EF52E23F4C26E00BC0139 /* PediatricPancreasTests */,
				AB9EF53923F4C26E00BC0139 /* PediatricPancreasUITests */,
			);
		};
/* End PBXProject section */

/* Begin PBXReferenceProxy section */
		758D7F4F23F4CDB1006B6A9C /* ResearchKit.framework */ = {
			isa = PBXReferenceProxy;
			fileType = wrapper.framework;
			path = ResearchKit.framework;
			remoteRef = 758D7F4E23F4CDB1006B6A9C /* PBXContainerItemProxy */;
			sourceTree = BUILT_PRODUCTS_DIR;
		};
		758D7F5123F4CDB1006B6A9C /* ResearchKitTests.xctest */ = {
			isa = PBXReferenceProxy;
			fileType = wrapper.cfbundle;
			path = ResearchKitTests.xctest;
			remoteRef = 758D7F5023F4CDB1006B6A9C /* PBXContainerItemProxy */;
			sourceTree = BUILT_PRODUCTS_DIR;
		};
		758D7F6823F4CEC5006B6A9C /* CareKit.framework */ = {
			isa = PBXReferenceProxy;
			fileType = wrapper.framework;
			path = CareKit.framework;
			remoteRef = 758D7F6723F4CEC5006B6A9C /* PBXContainerItemProxy */;
			sourceTree = BUILT_PRODUCTS_DIR;
		};
		758D7F6A23F4CEC5006B6A9C /* CareKitTests.xctest */ = {
			isa = PBXReferenceProxy;
			fileType = wrapper.cfbundle;
			path = CareKitTests.xctest;
			remoteRef = 758D7F6923F4CEC5006B6A9C /* PBXContainerItemProxy */;
			sourceTree = BUILT_PRODUCTS_DIR;
		};
/* End PBXReferenceProxy section */

/* Begin PBXResourcesBuildPhase section */
		AB9EF51723F4C26700BC0139 /* Resources */ = {
			isa = PBXResourcesBuildPhase;
			buildActionMask = 2147483647;
			files = (
				AB9EF52923F4C26E00BC0139 /* LaunchScreen.storyboard in Resources */,
				7B4CD9C123FAC3E00053736E /* GoogleService-Info.plist in Resources */,
				AB9EF52623F4C26E00BC0139 /* Preview Assets.xcassets in Resources */,
				AB9EF52323F4C26E00BC0139 /* Assets.xcassets in Resources */,
			);
			runOnlyForDeploymentPostprocessing = 0;
		};
		AB9EF52D23F4C26E00BC0139 /* Resources */ = {
			isa = PBXResourcesBuildPhase;
			buildActionMask = 2147483647;
			files = (
			);
			runOnlyForDeploymentPostprocessing = 0;
		};
		AB9EF53823F4C26E00BC0139 /* Resources */ = {
			isa = PBXResourcesBuildPhase;
			buildActionMask = 2147483647;
			files = (
			);
			runOnlyForDeploymentPostprocessing = 0;
		};
/* End PBXResourcesBuildPhase section */

/* Begin PBXShellScriptBuildPhase section */
		2B2201B2662031AB5C98A5CA /* [CP] Check Pods Manifest.lock */ = {
			isa = PBXShellScriptBuildPhase;
			buildActionMask = 2147483647;
			files = (
			);
			inputFileListPaths = (
			);
			inputPaths = (
				"${PODS_PODFILE_DIR_PATH}/Podfile.lock",
				"${PODS_ROOT}/Manifest.lock",
			);
			name = "[CP] Check Pods Manifest.lock";
			outputFileListPaths = (
			);
			outputPaths = (
				"$(DERIVED_FILE_DIR)/Pods-PediatricPancreasTests-checkManifestLockResult.txt",
			);
			runOnlyForDeploymentPostprocessing = 0;
			shellPath = /bin/sh;
			shellScript = "diff \"${PODS_PODFILE_DIR_PATH}/Podfile.lock\" \"${PODS_ROOT}/Manifest.lock\" > /dev/null\nif [ $? != 0 ] ; then\n    # print error to STDERR\n    echo \"error: The sandbox is not in sync with the Podfile.lock. Run 'pod install' or update your CocoaPods installation.\" >&2\n    exit 1\nfi\n# This output is used by Xcode 'outputs' to avoid re-running this script phase.\necho \"SUCCESS\" > \"${SCRIPT_OUTPUT_FILE_0}\"\n";
			showEnvVarsInLog = 0;
		};
		A28244F246DDBC82DFC948CB /* [CP] Check Pods Manifest.lock */ = {
			isa = PBXShellScriptBuildPhase;
			buildActionMask = 2147483647;
			files = (
			);
			inputFileListPaths = (
			);
			inputPaths = (
				"${PODS_PODFILE_DIR_PATH}/Podfile.lock",
				"${PODS_ROOT}/Manifest.lock",
			);
			name = "[CP] Check Pods Manifest.lock";
			outputFileListPaths = (
			);
			outputPaths = (
				"$(DERIVED_FILE_DIR)/Pods-PediatricPancreas-PediatricPancreasUITests-checkManifestLockResult.txt",
			);
			runOnlyForDeploymentPostprocessing = 0;
			shellPath = /bin/sh;
			shellScript = "diff \"${PODS_PODFILE_DIR_PATH}/Podfile.lock\" \"${PODS_ROOT}/Manifest.lock\" > /dev/null\nif [ $? != 0 ] ; then\n    # print error to STDERR\n    echo \"error: The sandbox is not in sync with the Podfile.lock. Run 'pod install' or update your CocoaPods installation.\" >&2\n    exit 1\nfi\n# This output is used by Xcode 'outputs' to avoid re-running this script phase.\necho \"SUCCESS\" > \"${SCRIPT_OUTPUT_FILE_0}\"\n";
			showEnvVarsInLog = 0;
		};
		C60A7D783E29F9CC8446050E /* [CP] Embed Pods Frameworks */ = {
			isa = PBXShellScriptBuildPhase;
			buildActionMask = 2147483647;
			files = (
			);
			inputFileListPaths = (
				"${PODS_ROOT}/Target Support Files/Pods-PediatricPancreas-PediatricPancreasUITests/Pods-PediatricPancreas-PediatricPancreasUITests-frameworks-${CONFIGURATION}-input-files.xcfilelist",
			);
			name = "[CP] Embed Pods Frameworks";
			outputFileListPaths = (
				"${PODS_ROOT}/Target Support Files/Pods-PediatricPancreas-PediatricPancreasUITests/Pods-PediatricPancreas-PediatricPancreasUITests-frameworks-${CONFIGURATION}-output-files.xcfilelist",
			);
			runOnlyForDeploymentPostprocessing = 0;
			shellPath = /bin/sh;
			shellScript = "\"${PODS_ROOT}/Target Support Files/Pods-PediatricPancreas-PediatricPancreasUITests/Pods-PediatricPancreas-PediatricPancreasUITests-frameworks.sh\"\n";
			showEnvVarsInLog = 0;
		};
		C694CA1150C8F4D1C097DE0B /* [CP] Embed Pods Frameworks */ = {
			isa = PBXShellScriptBuildPhase;
			buildActionMask = 2147483647;
			files = (
			);
			inputFileListPaths = (
				"${PODS_ROOT}/Target Support Files/Pods-PediatricPancreas/Pods-PediatricPancreas-frameworks-${CONFIGURATION}-input-files.xcfilelist",
			);
			name = "[CP] Embed Pods Frameworks";
			outputFileListPaths = (
				"${PODS_ROOT}/Target Support Files/Pods-PediatricPancreas/Pods-PediatricPancreas-frameworks-${CONFIGURATION}-output-files.xcfilelist",
			);
			runOnlyForDeploymentPostprocessing = 0;
			shellPath = /bin/sh;
			shellScript = "\"${PODS_ROOT}/Target Support Files/Pods-PediatricPancreas/Pods-PediatricPancreas-frameworks.sh\"\n";
			showEnvVarsInLog = 0;
		};
		CCED2A12F92AF276D70D7CBC /* [CP] Check Pods Manifest.lock */ = {
			isa = PBXShellScriptBuildPhase;
			buildActionMask = 2147483647;
			files = (
			);
			inputFileListPaths = (
			);
			inputPaths = (
				"${PODS_PODFILE_DIR_PATH}/Podfile.lock",
				"${PODS_ROOT}/Manifest.lock",
			);
			name = "[CP] Check Pods Manifest.lock";
			outputFileListPaths = (
			);
			outputPaths = (
				"$(DERIVED_FILE_DIR)/Pods-PediatricPancreas-checkManifestLockResult.txt",
			);
			runOnlyForDeploymentPostprocessing = 0;
			shellPath = /bin/sh;
			shellScript = "diff \"${PODS_PODFILE_DIR_PATH}/Podfile.lock\" \"${PODS_ROOT}/Manifest.lock\" > /dev/null\nif [ $? != 0 ] ; then\n    # print error to STDERR\n    echo \"error: The sandbox is not in sync with the Podfile.lock. Run 'pod install' or update your CocoaPods installation.\" >&2\n    exit 1\nfi\n# This output is used by Xcode 'outputs' to avoid re-running this script phase.\necho \"SUCCESS\" > \"${SCRIPT_OUTPUT_FILE_0}\"\n";
			showEnvVarsInLog = 0;
		};
/* End PBXShellScriptBuildPhase section */

/* Begin PBXSourcesBuildPhase section */
		AB9EF51523F4C26700BC0139 /* Sources */ = {
			isa = PBXSourcesBuildPhase;
			buildActionMask = 2147483647;
			files = (
				AB9EF51D23F4C26700BC0139 /* AppDelegate.swift in Sources */,
				AB9EF51F23F4C26700BC0139 /* SceneDelegate.swift in Sources */,
				AB9EF52123F4C26700BC0139 /* ContentView.swift in Sources */,
			);
			runOnlyForDeploymentPostprocessing = 0;
		};
		AB9EF52B23F4C26E00BC0139 /* Sources */ = {
			isa = PBXSourcesBuildPhase;
			buildActionMask = 2147483647;
			files = (
				AB9EF53423F4C26E00BC0139 /* PediatricPancreasTests.swift in Sources */,
			);
			runOnlyForDeploymentPostprocessing = 0;
		};
		AB9EF53623F4C26E00BC0139 /* Sources */ = {
			isa = PBXSourcesBuildPhase;
			buildActionMask = 2147483647;
			files = (
				AB9EF53F23F4C26E00BC0139 /* PediatricPancreasUITests.swift in Sources */,
			);
			runOnlyForDeploymentPostprocessing = 0;
		};
/* End PBXSourcesBuildPhase section */

/* Begin PBXTargetDependency section */
		AB9EF53123F4C26E00BC0139 /* PBXTargetDependency */ = {
			isa = PBXTargetDependency;
			target = AB9EF51823F4C26700BC0139 /* PediatricPancreas */;
			targetProxy = AB9EF53023F4C26E00BC0139 /* PBXContainerItemProxy */;
		};
		AB9EF53C23F4C26E00BC0139 /* PBXTargetDependency */ = {
			isa = PBXTargetDependency;
			target = AB9EF51823F4C26700BC0139 /* PediatricPancreas */;
			targetProxy = AB9EF53B23F4C26E00BC0139 /* PBXContainerItemProxy */;
		};
/* End PBXTargetDependency section */

/* Begin PBXVariantGroup section */
		AB9EF52723F4C26E00BC0139 /* LaunchScreen.storyboard */ = {
			isa = PBXVariantGroup;
			children = (
				AB9EF52823F4C26E00BC0139 /* Base */,
			);
			name = LaunchScreen.storyboard;
			sourceTree = "<group>";
		};
/* End PBXVariantGroup section */

/* Begin XCBuildConfiguration section */
		AB9EF54123F4C26E00BC0139 /* Debug */ = {
			isa = XCBuildConfiguration;
			buildSettings = {
				ALWAYS_SEARCH_USER_PATHS = NO;
				CLANG_ANALYZER_NONNULL = YES;
				CLANG_ANALYZER_NUMBER_OBJECT_CONVERSION = YES_AGGRESSIVE;
				CLANG_CXX_LANGUAGE_STANDARD = "gnu++14";
				CLANG_CXX_LIBRARY = "libc++";
				CLANG_ENABLE_MODULES = YES;
				CLANG_ENABLE_OBJC_ARC = YES;
				CLANG_ENABLE_OBJC_WEAK = YES;
				CLANG_WARN_BLOCK_CAPTURE_AUTORELEASING = YES;
				CLANG_WARN_BOOL_CONVERSION = YES;
				CLANG_WARN_COMMA = YES;
				CLANG_WARN_CONSTANT_CONVERSION = YES;
				CLANG_WARN_DEPRECATED_OBJC_IMPLEMENTATIONS = YES;
				CLANG_WARN_DIRECT_OBJC_ISA_USAGE = YES_ERROR;
				CLANG_WARN_DOCUMENTATION_COMMENTS = YES;
				CLANG_WARN_EMPTY_BODY = YES;
				CLANG_WARN_ENUM_CONVERSION = YES;
				CLANG_WARN_INFINITE_RECURSION = YES;
				CLANG_WARN_INT_CONVERSION = YES;
				CLANG_WARN_NON_LITERAL_NULL_CONVERSION = YES;
				CLANG_WARN_OBJC_IMPLICIT_RETAIN_SELF = YES;
				CLANG_WARN_OBJC_LITERAL_CONVERSION = YES;
				CLANG_WARN_OBJC_ROOT_CLASS = YES_ERROR;
				CLANG_WARN_RANGE_LOOP_ANALYSIS = YES;
				CLANG_WARN_STRICT_PROTOTYPES = YES;
				CLANG_WARN_SUSPICIOUS_MOVE = YES;
				CLANG_WARN_UNGUARDED_AVAILABILITY = YES_AGGRESSIVE;
				CLANG_WARN_UNREACHABLE_CODE = YES;
				CLANG_WARN__DUPLICATE_METHOD_MATCH = YES;
				COPY_PHASE_STRIP = NO;
				DEBUG_INFORMATION_FORMAT = dwarf;
				ENABLE_STRICT_OBJC_MSGSEND = YES;
				ENABLE_TESTABILITY = YES;
				GCC_C_LANGUAGE_STANDARD = gnu11;
				GCC_DYNAMIC_NO_PIC = NO;
				GCC_NO_COMMON_BLOCKS = YES;
				GCC_OPTIMIZATION_LEVEL = 0;
				GCC_PREPROCESSOR_DEFINITIONS = (
					"DEBUG=1",
					"$(inherited)",
				);
				GCC_WARN_64_TO_32_BIT_CONVERSION = YES;
				GCC_WARN_ABOUT_RETURN_TYPE = YES_ERROR;
				GCC_WARN_UNDECLARED_SELECTOR = YES;
				GCC_WARN_UNINITIALIZED_AUTOS = YES_AGGRESSIVE;
				GCC_WARN_UNUSED_FUNCTION = YES;
				GCC_WARN_UNUSED_VARIABLE = YES;
				IPHONEOS_DEPLOYMENT_TARGET = 13.2;
				MTL_ENABLE_DEBUG_INFO = INCLUDE_SOURCE;
				MTL_FAST_MATH = YES;
				ONLY_ACTIVE_ARCH = YES;
				SDKROOT = iphoneos;
				SWIFT_ACTIVE_COMPILATION_CONDITIONS = DEBUG;
				SWIFT_OPTIMIZATION_LEVEL = "-Onone";
			};
			name = Debug;
		};
		AB9EF54223F4C26E00BC0139 /* Release */ = {
			isa = XCBuildConfiguration;
			buildSettings = {
				ALWAYS_SEARCH_USER_PATHS = NO;
				CLANG_ANALYZER_NONNULL = YES;
				CLANG_ANALYZER_NUMBER_OBJECT_CONVERSION = YES_AGGRESSIVE;
				CLANG_CXX_LANGUAGE_STANDARD = "gnu++14";
				CLANG_CXX_LIBRARY = "libc++";
				CLANG_ENABLE_MODULES = YES;
				CLANG_ENABLE_OBJC_ARC = YES;
				CLANG_ENABLE_OBJC_WEAK = YES;
				CLANG_WARN_BLOCK_CAPTURE_AUTORELEASING = YES;
				CLANG_WARN_BOOL_CONVERSION = YES;
				CLANG_WARN_COMMA = YES;
				CLANG_WARN_CONSTANT_CONVERSION = YES;
				CLANG_WARN_DEPRECATED_OBJC_IMPLEMENTATIONS = YES;
				CLANG_WARN_DIRECT_OBJC_ISA_USAGE = YES_ERROR;
				CLANG_WARN_DOCUMENTATION_COMMENTS = YES;
				CLANG_WARN_EMPTY_BODY = YES;
				CLANG_WARN_ENUM_CONVERSION = YES;
				CLANG_WARN_INFINITE_RECURSION = YES;
				CLANG_WARN_INT_CONVERSION = YES;
				CLANG_WARN_NON_LITERAL_NULL_CONVERSION = YES;
				CLANG_WARN_OBJC_IMPLICIT_RETAIN_SELF = YES;
				CLANG_WARN_OBJC_LITERAL_CONVERSION = YES;
				CLANG_WARN_OBJC_ROOT_CLASS = YES_ERROR;
				CLANG_WARN_RANGE_LOOP_ANALYSIS = YES;
				CLANG_WARN_STRICT_PROTOTYPES = YES;
				CLANG_WARN_SUSPICIOUS_MOVE = YES;
				CLANG_WARN_UNGUARDED_AVAILABILITY = YES_AGGRESSIVE;
				CLANG_WARN_UNREACHABLE_CODE = YES;
				CLANG_WARN__DUPLICATE_METHOD_MATCH = YES;
				COPY_PHASE_STRIP = NO;
				DEBUG_INFORMATION_FORMAT = "dwarf-with-dsym";
				ENABLE_NS_ASSERTIONS = NO;
				ENABLE_STRICT_OBJC_MSGSEND = YES;
				GCC_C_LANGUAGE_STANDARD = gnu11;
				GCC_NO_COMMON_BLOCKS = YES;
				GCC_WARN_64_TO_32_BIT_CONVERSION = YES;
				GCC_WARN_ABOUT_RETURN_TYPE = YES_ERROR;
				GCC_WARN_UNDECLARED_SELECTOR = YES;
				GCC_WARN_UNINITIALIZED_AUTOS = YES_AGGRESSIVE;
				GCC_WARN_UNUSED_FUNCTION = YES;
				GCC_WARN_UNUSED_VARIABLE = YES;
				IPHONEOS_DEPLOYMENT_TARGET = 13.2;
				MTL_ENABLE_DEBUG_INFO = NO;
				MTL_FAST_MATH = YES;
				SDKROOT = iphoneos;
				SWIFT_COMPILATION_MODE = wholemodule;
				SWIFT_OPTIMIZATION_LEVEL = "-O";
				VALIDATE_PRODUCT = YES;
			};
			name = Release;
		};
		AB9EF54423F4C26E00BC0139 /* Debug */ = {
			isa = XCBuildConfiguration;
			baseConfigurationReference = 78E4CD127DB76208AD274D1E /* Pods-PediatricPancreas.debug.xcconfig */;
			buildSettings = {
				ASSETCATALOG_COMPILER_APPICON_NAME = AppIcon;
				CODE_SIGN_ENTITLEMENTS = PediatricPancreas/PediatricPancreas.entitlements;
				CODE_SIGN_STYLE = Automatic;
				DEVELOPMENT_ASSET_PATHS = "\"PediatricPancreas/Preview Content\"";
				DEVELOPMENT_TEAM = CGA8BZRPF2;
				ENABLE_PREVIEWS = YES;
				INFOPLIST_FILE = PediatricPancreas/Info.plist;
				LD_RUNPATH_SEARCH_PATHS = (
					"$(inherited)",
					"@executable_path/Frameworks",
				);
				PRODUCT_BUNDLE_IDENTIFIER = iHackHealth.PediatricPancreas;
				PRODUCT_NAME = "$(TARGET_NAME)";
				SWIFT_VERSION = 5.0;
				TARGETED_DEVICE_FAMILY = "1,2";
			};
			name = Debug;
		};
		AB9EF54523F4C26E00BC0139 /* Release */ = {
			isa = XCBuildConfiguration;
			baseConfigurationReference = 0AB61D4F269E2A6399C88007 /* Pods-PediatricPancreas.release.xcconfig */;
			buildSettings = {
				ASSETCATALOG_COMPILER_APPICON_NAME = AppIcon;
				CODE_SIGN_ENTITLEMENTS = PediatricPancreas/PediatricPancreas.entitlements;
				CODE_SIGN_STYLE = Automatic;
				DEVELOPMENT_ASSET_PATHS = "\"PediatricPancreas/Preview Content\"";
				DEVELOPMENT_TEAM = CGA8BZRPF2;
				ENABLE_PREVIEWS = YES;
				INFOPLIST_FILE = PediatricPancreas/Info.plist;
				LD_RUNPATH_SEARCH_PATHS = (
					"$(inherited)",
					"@executable_path/Frameworks",
				);
				PRODUCT_BUNDLE_IDENTIFIER = iHackHealth.PediatricPancreas;
				PRODUCT_NAME = "$(TARGET_NAME)";
				SWIFT_VERSION = 5.0;
				TARGETED_DEVICE_FAMILY = "1,2";
			};
			name = Release;
		};
		AB9EF54723F4C26E00BC0139 /* Debug */ = {
			isa = XCBuildConfiguration;
			baseConfigurationReference = 805C3B4517638F7F05D1F6F5 /* Pods-PediatricPancreasTests.debug.xcconfig */;
			buildSettings = {
				ALWAYS_EMBED_SWIFT_STANDARD_LIBRARIES = YES;
				BUNDLE_LOADER = "$(TEST_HOST)";
				CODE_SIGN_STYLE = Automatic;
				DEVELOPMENT_TEAM = 49CK5U7UR9;
				INFOPLIST_FILE = PediatricPancreasTests/Info.plist;
				IPHONEOS_DEPLOYMENT_TARGET = 13.2;
				LD_RUNPATH_SEARCH_PATHS = (
					"$(inherited)",
					"@executable_path/Frameworks",
					"@loader_path/Frameworks",
				);
				PRODUCT_BUNDLE_IDENTIFIER = "--iHack-test.PediatricPancreasTests";
				PRODUCT_NAME = "$(TARGET_NAME)";
				SWIFT_VERSION = 5.0;
				TARGETED_DEVICE_FAMILY = "1,2";
				TEST_HOST = "$(BUILT_PRODUCTS_DIR)/PediatricPancreas.app/PediatricPancreas";
			};
			name = Debug;
		};
		AB9EF54823F4C26E00BC0139 /* Release */ = {
			isa = XCBuildConfiguration;
			baseConfigurationReference = 19685DC0E64DA8567F238DFB /* Pods-PediatricPancreasTests.release.xcconfig */;
			buildSettings = {
				ALWAYS_EMBED_SWIFT_STANDARD_LIBRARIES = YES;
				BUNDLE_LOADER = "$(TEST_HOST)";
				CODE_SIGN_STYLE = Automatic;
				DEVELOPMENT_TEAM = 49CK5U7UR9;
				INFOPLIST_FILE = PediatricPancreasTests/Info.plist;
				IPHONEOS_DEPLOYMENT_TARGET = 13.2;
				LD_RUNPATH_SEARCH_PATHS = (
					"$(inherited)",
					"@executable_path/Frameworks",
					"@loader_path/Frameworks",
				);
				PRODUCT_BUNDLE_IDENTIFIER = "--iHack-test.PediatricPancreasTests";
				PRODUCT_NAME = "$(TARGET_NAME)";
				SWIFT_VERSION = 5.0;
				TARGETED_DEVICE_FAMILY = "1,2";
				TEST_HOST = "$(BUILT_PRODUCTS_DIR)/PediatricPancreas.app/PediatricPancreas";
			};
			name = Release;
		};
		AB9EF54A23F4C26E00BC0139 /* Debug */ = {
			isa = XCBuildConfiguration;
			baseConfigurationReference = EC5C95A95239257E7BC6DECC /* Pods-PediatricPancreas-PediatricPancreasUITests.debug.xcconfig */;
			buildSettings = {
				ALWAYS_EMBED_SWIFT_STANDARD_LIBRARIES = YES;
				CODE_SIGN_STYLE = Automatic;
				DEVELOPMENT_TEAM = 49CK5U7UR9;
				INFOPLIST_FILE = PediatricPancreasUITests/Info.plist;
				LD_RUNPATH_SEARCH_PATHS = (
					"$(inherited)",
					"@executable_path/Frameworks",
					"@loader_path/Frameworks",
				);
				PRODUCT_BUNDLE_IDENTIFIER = "--iHack-test.PediatricPancreasUITests";
				PRODUCT_NAME = "$(TARGET_NAME)";
				SWIFT_VERSION = 5.0;
				TARGETED_DEVICE_FAMILY = "1,2";
				TEST_TARGET_NAME = PediatricPancreas;
			};
			name = Debug;
		};
		AB9EF54B23F4C26E00BC0139 /* Release */ = {
			isa = XCBuildConfiguration;
			baseConfigurationReference = 75E45119AEB839753A050A94 /* Pods-PediatricPancreas-PediatricPancreasUITests.release.xcconfig */;
			buildSettings = {
				ALWAYS_EMBED_SWIFT_STANDARD_LIBRARIES = YES;
				CODE_SIGN_STYLE = Automatic;
				DEVELOPMENT_TEAM = 49CK5U7UR9;
				INFOPLIST_FILE = PediatricPancreasUITests/Info.plist;
				LD_RUNPATH_SEARCH_PATHS = (
					"$(inherited)",
					"@executable_path/Frameworks",
					"@loader_path/Frameworks",
				);
				PRODUCT_BUNDLE_IDENTIFIER = "--iHack-test.PediatricPancreasUITests";
				PRODUCT_NAME = "$(TARGET_NAME)";
				SWIFT_VERSION = 5.0;
				TARGETED_DEVICE_FAMILY = "1,2";
				TEST_TARGET_NAME = PediatricPancreas;
			};
			name = Release;
		};
/* End XCBuildConfiguration section */

/* Begin XCConfigurationList section */
		AB9EF51423F4C26700BC0139 /* Build configuration list for PBXProject "PediatricPancreas" */ = {
			isa = XCConfigurationList;
			buildConfigurations = (
				AB9EF54123F4C26E00BC0139 /* Debug */,
				AB9EF54223F4C26E00BC0139 /* Release */,
			);
			defaultConfigurationIsVisible = 0;
			defaultConfigurationName = Release;
		};
		AB9EF54323F4C26E00BC0139 /* Build configuration list for PBXNativeTarget "PediatricPancreas" */ = {
			isa = XCConfigurationList;
			buildConfigurations = (
				AB9EF54423F4C26E00BC0139 /* Debug */,
				AB9EF54523F4C26E00BC0139 /* Release */,
			);
			defaultConfigurationIsVisible = 0;
			defaultConfigurationName = Release;
		};
		AB9EF54623F4C26E00BC0139 /* Build configuration list for PBXNativeTarget "PediatricPancreasTests" */ = {
			isa = XCConfigurationList;
			buildConfigurations = (
				AB9EF54723F4C26E00BC0139 /* Debug */,
				AB9EF54823F4C26E00BC0139 /* Release */,
			);
			defaultConfigurationIsVisible = 0;
			defaultConfigurationName = Release;
		};
		AB9EF54923F4C26E00BC0139 /* Build configuration list for PBXNativeTarget "PediatricPancreasUITests" */ = {
			isa = XCConfigurationList;
			buildConfigurations = (
				AB9EF54A23F4C26E00BC0139 /* Debug */,
				AB9EF54B23F4C26E00BC0139 /* Release */,
			);
			defaultConfigurationIsVisible = 0;
			defaultConfigurationName = Release;
		};
/* End XCConfigurationList section */
	};
	rootObject = AB9EF51123F4C26700BC0139 /* Project object */;
}
